// !$*UTF8*$!
{
	archiveVersion = 1;
	classes = {
	};
	objectVersion = 48;
	objects = {

/* Begin PBXBuildFile section */
		07A69AA8206BB91800995624 /* AppDelegate.swift in Sources */ = {isa = PBXBuildFile; fileRef = 07A69AA7206BB91800995624 /* AppDelegate.swift */; };
		07A69AAA206BB91800995624 /* ViewController.swift in Sources */ = {isa = PBXBuildFile; fileRef = 07A69AA9206BB91800995624 /* ViewController.swift */; };
		07A69AAD206BB91800995624 /* Main.storyboard in Resources */ = {isa = PBXBuildFile; fileRef = 07A69AAB206BB91800995624 /* Main.storyboard */; };
		07A69AAF206BB91800995624 /* Assets.xcassets in Resources */ = {isa = PBXBuildFile; fileRef = 07A69AAE206BB91800995624 /* Assets.xcassets */; };
		07A69AB2206BB91800995624 /* LaunchScreen.storyboard in Resources */ = {isa = PBXBuildFile; fileRef = 07A69AB0206BB91800995624 /* LaunchScreen.storyboard */; };
		07A69ABD206BB91800995624 /* ZagakuDemoTests.swift in Sources */ = {isa = PBXBuildFile; fileRef = 07A69ABC206BB91800995624 /* ZagakuDemoTests.swift */; };
/* End PBXBuildFile section */

/* Begin PBXContainerItemProxy section */
		07A69AB9206BB91800995624 /* PBXContainerItemProxy */ = {
			isa = PBXContainerItemProxy;
			containerPortal = 07A69A9C206BB91800995624 /* Project object */;
			proxyType = 1;
			remoteGlobalIDString = 07A69AA3206BB91800995624;
			remoteInfo = ZagakuDemo;
		};
/* End PBXContainerItemProxy section */

/* Begin PBXFileReference section */
		07A69AA4206BB91800995624 /* ZagakuDemo.app */ = {isa = PBXFileReference; explicitFileType = wrapper.application; includeInIndex = 0; path = ZagakuDemo.app; sourceTree = BUILT_PRODUCTS_DIR; };
		07A69AA7206BB91800995624 /* AppDelegate.swift */ = {isa = PBXFileReference; lastKnownFileType = sourcecode.swift; path = AppDelegate.swift; sourceTree = "<group>"; };
		07A69AA9206BB91800995624 /* ViewController.swift */ = {isa = PBXFileReference; lastKnownFileType = sourcecode.swift; path = ViewController.swift; sourceTree = "<group>"; };
		07A69AAC206BB91800995624 /* Base */ = {isa = PBXFileReference; lastKnownFileType = file.storyboard; name = Base; path = Base.lproj/Main.storyboard; sourceTree = "<group>"; };
		07A69AAE206BB91800995624 /* Assets.xcassets */ = {isa = PBXFileReference; lastKnownFileType = folder.assetcatalog; path = Assets.xcassets; sourceTree = "<group>"; };
		07A69AB1206BB91800995624 /* Base */ = {isa = PBXFileReference; lastKnownFileType = file.storyboard; name = Base; path = Base.lproj/LaunchScreen.storyboard; sourceTree = "<group>"; };
		07A69AB3206BB91800995624 /* Info.plist */ = {isa = PBXFileReference; lastKnownFileType = text.plist.xml; path = Info.plist; sourceTree = "<group>"; };
		07A69AB8206BB91800995624 /* ZagakuDemoTests.xctest */ = {isa = PBXFileReference; explicitFileType = wrapper.cfbundle; includeInIndex = 0; path = ZagakuDemoTests.xctest; sourceTree = BUILT_PRODUCTS_DIR; };
		07A69ABC206BB91800995624 /* ZagakuDemoTests.swift */ = {isa = PBXFileReference; lastKnownFileType = sourcecode.swift; path = ZagakuDemoTests.swift; sourceTree = "<group>"; };
		07A69ABE206BB91800995624 /* Info.plist */ = {isa = PBXFileReference; lastKnownFileType = text.plist.xml; path = Info.plist; sourceTree = "<group>"; };
/* End PBXFileReference section */

/* Begin PBXFrameworksBuildPhase section */
		07A69AA1206BB91800995624 /* Frameworks */ = {
			isa = PBXFrameworksBuildPhase;
			buildActionMask = 2147483647;
			files = (
			);
			runOnlyForDeploymentPostprocessing = 0;
		};
		07A69AB5206BB91800995624 /* Frameworks */ = {
			isa = PBXFrameworksBuildPhase;
			buildActionMask = 2147483647;
			files = (
			);
			runOnlyForDeploymentPostprocessing = 0;
		};
/* End PBXFrameworksBuildPhase section */

/* Begin PBXGroup section */
		07A69A9B206BB91800995624 = {
			isa = PBXGroup;
			children = (
				07A69AA6206BB91800995624 /* ZagakuDemo */,
				07A69ABB206BB91800995624 /* ZagakuDemoTests */,
				07A69AA5206BB91800995624 /* Products */,
			);
			sourceTree = "<group>";
		};
		07A69AA5206BB91800995624 /* Products */ = {
			isa = PBXGroup;
			children = (
				07A69AA4206BB91800995624 /* ZagakuDemo.app */,
				07A69AB8206BB91800995624 /* ZagakuDemoTests.xctest */,
			);
			name = Products;
			sourceTree = "<group>";
		};
		07A69AA6206BB91800995624 /* ZagakuDemo */ = {
			isa = PBXGroup;
			children = (
				07A69AA7206BB91800995624 /* AppDelegate.swift */,
				07A69AA9206BB91800995624 /* ViewController.swift */,
				07A69AAB206BB91800995624 /* Main.storyboard */,
				07A69AAE206BB91800995624 /* Assets.xcassets */,
				07A69AB0206BB91800995624 /* LaunchScreen.storyboard */,
				07A69AB3206BB91800995624 /* Info.plist */,
			);
			path = ZagakuDemo;
			sourceTree = "<group>";
		};
		07A69ABB206BB91800995624 /* ZagakuDemoTests */ = {
			isa = PBXGroup;
			children = (
				07A69ABC206BB91800995624 /* ZagakuDemoTests.swift */,
				07A69ABE206BB91800995624 /* Info.plist */,
			);
			path = ZagakuDemoTests;
			sourceTree = "<group>";
		};
/* End PBXGroup section */

/* Begin PBXNativeTarget section */
		07A69AA3206BB91800995624 /* ZagakuDemo */ = {
			isa = PBXNativeTarget;
			buildConfigurationList = 07A69AC1206BB91800995624 /* Build configuration list for PBXNativeTarget "ZagakuDemo" */;
			buildPhases = (
				07A69AA0206BB91800995624 /* Sources */,
				07A69AA1206BB91800995624 /* Frameworks */,
				07A69AA2206BB91800995624 /* Resources */,
			);
			buildRules = (
			);
			dependencies = (
			);
			name = ZagakuDemo;
			productName = ZagakuDemo;
			productReference = 07A69AA4206BB91800995624 /* ZagakuDemo.app */;
			productType = "com.apple.product-type.application";
		};
		07A69AB7206BB91800995624 /* ZagakuDemoTests */ = {
			isa = PBXNativeTarget;
			buildConfigurationList = 07A69AC4206BB91800995624 /* Build configuration list for PBXNativeTarget "ZagakuDemoTests" */;
			buildPhases = (
				07A69AB4206BB91800995624 /* Sources */,
				07A69AB5206BB91800995624 /* Frameworks */,
				07A69AB6206BB91800995624 /* Resources */,
			);
			buildRules = (
			);
			dependencies = (
				07A69ABA206BB91800995624 /* PBXTargetDependency */,
			);
			name = ZagakuDemoTests;
			productName = ZagakuDemoTests;
			productReference = 07A69AB8206BB91800995624 /* ZagakuDemoTests.xctest */;
			productType = "com.apple.product-type.bundle.unit-test";
		};
/* End PBXNativeTarget section */

/* Begin PBXProject section */
		07A69A9C206BB91800995624 /* Project object */ = {
			isa = PBXProject;
			attributes = {
				LastSwiftUpdateCheck = 0920;
				LastUpgradeCheck = 0920;
				ORGANIZATIONNAME = "Eric Meyer";
				TargetAttributes = {
					07A69AA3206BB91800995624 = {
						CreatedOnToolsVersion = 9.2;
						ProvisioningStyle = Automatic;
					};
					07A69AB7206BB91800995624 = {
						CreatedOnToolsVersion = 9.2;
						ProvisioningStyle = Automatic;
						TestTargetID = 07A69AA3206BB91800995624;
					};
				};
			};
			buildConfigurationList = 07A69A9F206BB91800995624 /* Build configuration list for PBXProject "ZagakuDemo" */;
			compatibilityVersion = "Xcode 8.0";
			developmentRegion = en;
			hasScannedForEncodings = 0;
			knownRegions = (
				en,
				Base,
			);
			mainGroup = 07A69A9B206BB91800995624;
			productRefGroup = 07A69AA5206BB91800995624 /* Products */;
			projectDirPath = "";
			projectRoot = "";
			targets = (
				07A69AA3206BB91800995624 /* ZagakuDemo */,
				07A69AB7206BB91800995624 /* ZagakuDemoTests */,
			);
		};
/* End PBXProject section */

/* Begin PBXResourcesBuildPhase section */
		07A69AA2206BB91800995624 /* Resources */ = {
			isa = PBXResourcesBuildPhase;
			buildActionMask = 2147483647;
			files = (
				07A69AB2206BB91800995624 /* LaunchScreen.storyboard in Resources */,
				07A69AAF206BB91800995624 /* Assets.xcassets in Resources */,
				07A69AAD206BB91800995624 /* Main.storyboard in Resources */,
			);
			runOnlyForDeploymentPostprocessing = 0;
		};
		07A69AB6206BB91800995624 /* Resources */ = {
			isa = PBXResourcesBuildPhase;
			buildActionMask = 2147483647;
			files = (
			);
			runOnlyForDeploymentPostprocessing = 0;
		};
/* End PBXResourcesBuildPhase section */

/* Begin PBXSourcesBuildPhase section */
		07A69AA0206BB91800995624 /* Sources */ = {
			isa = PBXSourcesBuildPhase;
			buildActionMask = 2147483647;
			files = (
				07A69AAA206BB91800995624 /* ViewController.swift in Sources */,
				07A69AA8206BB91800995624 /* AppDelegate.swift in Sources */,
			);
			runOnlyForDeploymentPostprocessing = 0;
		};
		07A69AB4206BB91800995624 /* Sources */ = {
			isa = PBXSourcesBuildPhase;
			buildActionMask = 2147483647;
			files = (
				07A69ABD206BB91800995624 /* ZagakuDemoTests.swift in Sources */,
			);
			runOnlyForDeploymentPostprocessing = 0;
		};
/* End PBXSourcesBuildPhase section */

/* Begin PBXTargetDependency section */
		07A69ABA206BB91800995624 /* PBXTargetDependency */ = {
			isa = PBXTargetDependency;
			target = 07A69AA3206BB91800995624 /* ZagakuDemo */;
			targetProxy = 07A69AB9206BB91800995624 /* PBXContainerItemProxy */;
		};
/* End PBXTargetDependency section */

/* Begin PBXVariantGroup section */
		07A69AAB206BB91800995624 /* Main.storyboard */ = {
			isa = PBXVariantGroup;
			children = (
				07A69AAC206BB91800995624 /* Base */,
			);
			name = Main.storyboard;
			sourceTree = "<group>";
		};
		07A69AB0206BB91800995624 /* LaunchScreen.storyboard */ = {
			isa = PBXVariantGroup;
			children = (
				07A69AB1206BB91800995624 /* Base */,
			);
			name = LaunchScreen.storyboard;
			sourceTree = "<group>";
		};
/* End PBXVariantGroup section */

/* Begin XCBuildConfiguration section */
		07A69ABF206BB91800995624 /* Debug */ = {
			isa = XCBuildConfiguration;
			buildSettings = {
				ALWAYS_SEARCH_USER_PATHS = NO;
				CLANG_ANALYZER_NONNULL = YES;
				CLANG_ANALYZER_NUMBER_OBJECT_CONVERSION = YES_AGGRESSIVE;
				CLANG_CXX_LANGUAGE_STANDARD = "gnu++14";
				CLANG_CXX_LIBRARY = "libc++";
				CLANG_ENABLE_MODULES = YES;
				CLANG_ENABLE_OBJC_ARC = YES;
				CLANG_WARN_BLOCK_CAPTURE_AUTORELEASING = YES;
				CLANG_WARN_BOOL_CONVERSION = YES;
				CLANG_WARN_COMMA = YES;
				CLANG_WARN_CONSTANT_CONVERSION = YES;
				CLANG_WARN_DIRECT_OBJC_ISA_USAGE = YES_ERROR;
				CLANG_WARN_DOCUMENTATION_COMMENTS = YES;
				CLANG_WARN_EMPTY_BODY = YES;
				CLANG_WARN_ENUM_CONVERSION = YES;
				CLANG_WARN_INFINITE_RECURSION = YES;
				CLANG_WARN_INT_CONVERSION = YES;
				CLANG_WARN_NON_LITERAL_NULL_CONVERSION = YES;
				CLANG_WARN_OBJC_LITERAL_CONVERSION = YES;
				CLANG_WARN_OBJC_ROOT_CLASS = YES_ERROR;
				CLANG_WARN_RANGE_LOOP_ANALYSIS = YES;
				CLANG_WARN_STRICT_PROTOTYPES = YES;
				CLANG_WARN_SUSPICIOUS_MOVE = YES;
				CLANG_WARN_UNGUARDED_AVAILABILITY = YES_AGGRESSIVE;
				CLANG_WARN_UNREACHABLE_CODE = YES;
				CLANG_WARN__DUPLICATE_METHOD_MATCH = YES;
				CODE_SIGN_IDENTITY = "iPhone Developer";
				COPY_PHASE_STRIP = NO;
				DEBUG_INFORMATION_FORMAT = dwarf;
				ENABLE_STRICT_OBJC_MSGSEND = YES;
				ENABLE_TESTABILITY = YES;
				GCC_C_LANGUAGE_STANDARD = gnu11;
				GCC_DYNAMIC_NO_PIC = NO;
				GCC_NO_COMMON_BLOCKS = YES;
				GCC_OPTIMIZATION_LEVEL = 0;
				GCC_PREPROCESSOR_DEFINITIONS = (
					"DEBUG=1",
					"$(inherited)",
				);
				GCC_WARN_64_TO_32_BIT_CONVERSION = YES;
				GCC_WARN_ABOUT_RETURN_TYPE = YES_ERROR;
				GCC_WARN_UNDECLARED_SELECTOR = YES;
				GCC_WARN_UNINITIALIZED_AUTOS = YES_AGGRESSIVE;
				GCC_WARN_UNUSED_FUNCTION = YES;
				GCC_WARN_UNUSED_VARIABLE = YES;
				IPHONEOS_DEPLOYMENT_TARGET = 11.2;
				MTL_ENABLE_DEBUG_INFO = YES;
				ONLY_ACTIVE_ARCH = YES;
				SDKROOT = iphoneos;
				SWIFT_ACTIVE_COMPILATION_CONDITIONS = DEBUG;
				SWIFT_OPTIMIZATION_LEVEL = "-Onone";
			};
			name = Debug;
		};
		07A69AC0206BB91800995624 /* Release */ = {
			isa = XCBuildConfiguration;
			buildSettings = {
				ALWAYS_SEARCH_USER_PATHS = NO;
				CLANG_ANALYZER_NONNULL = YES;
				CLANG_ANALYZER_NUMBER_OBJECT_CONVERSION = YES_AGGRESSIVE;
				CLANG_CXX_LANGUAGE_STANDARD = "gnu++14";
				CLANG_CXX_LIBRARY = "libc++";
				CLANG_ENABLE_MODULES = YES;
				CLANG_ENABLE_OBJC_ARC = YES;
				CLANG_WARN_BLOCK_CAPTURE_AUTORELEASING = YES;
				CLANG_WARN_BOOL_CONVERSION = YES;
				CLANG_WARN_COMMA = YES;
				CLANG_WARN_CONSTANT_CONVERSION = YES;
				CLANG_WARN_DIRECT_OBJC_ISA_USAGE = YES_ERROR;
				CLANG_WARN_DOCUMENTATION_COMMENTS = YES;
				CLANG_WARN_EMPTY_BODY = YES;
				CLANG_WARN_ENUM_CONVERSION = YES;
				CLANG_WARN_INFINITE_RECURSION = YES;
				CLANG_WARN_INT_CONVERSION = YES;
				CLANG_WARN_NON_LITERAL_NULL_CONVERSION = YES;
				CLANG_WARN_OBJC_LITERAL_CONVERSION = YES;
				CLANG_WARN_OBJC_ROOT_CLASS = YES_ERROR;
				CLANG_WARN_RANGE_LOOP_ANALYSIS = YES;
				CLANG_WARN_STRICT_PROTOTYPES = YES;
				CLANG_WARN_SUSPICIOUS_MOVE = YES;
				CLANG_WARN_UNGUARDED_AVAILABILITY = YES_AGGRESSIVE;
				CLANG_WARN_UNREACHABLE_CODE = YES;
				CLANG_WARN__DUPLICATE_METHOD_MATCH = YES;
				CODE_SIGN_IDENTITY = "iPhone Developer";
				COPY_PHASE_STRIP = NO;
				DEBUG_INFORMATION_FORMAT = "dwarf-with-dsym";
				ENABLE_NS_ASSERTIONS = NO;
				ENABLE_STRICT_OBJC_MSGSEND = YES;
				GCC_C_LANGUAGE_STANDARD = gnu11;
				GCC_NO_COMMON_BLOCKS = YES;
				GCC_WARN_64_TO_32_BIT_CONVERSION = YES;
				GCC_WARN_ABOUT_RETURN_TYPE = YES_ERROR;
				GCC_WARN_UNDECLARED_SELECTOR = YES;
				GCC_WARN_UNINITIALIZED_AUTOS = YES_AGGRESSIVE;
				GCC_WARN_UNUSED_FUNCTION = YES;
				GCC_WARN_UNUSED_VARIABLE = YES;
				IPHONEOS_DEPLOYMENT_TARGET = 11.2;
				MTL_ENABLE_DEBUG_INFO = NO;
				SDKROOT = iphoneos;
				SWIFT_OPTIMIZATION_LEVEL = "-Owholemodule";
				VALIDATE_PRODUCT = YES;
			};
			name = Release;
		};
		07A69AC2206BB91800995624 /* Debug */ = {
			isa = XCBuildConfiguration;
			buildSettings = {
				ASSETCATALOG_COMPILER_APPICON_NAME = AppIcon;
				CODE_SIGN_STYLE = Automatic;
				INFOPLIST_FILE = ZagakuDemo/Info.plist;
				LD_RUNPATH_SEARCH_PATHS = "$(inherited) @executable_path/Frameworks";
				PRODUCT_BUNDLE_IDENTIFIER = com.ericmeyer.ZagakuDemo;
				PRODUCT_NAME = "$(TARGET_NAME)";
				SWIFT_VERSION = 4.0;
				TARGETED_DEVICE_FAMILY = "1,2";
			};
			name = Debug;
		};
		07A69AC3206BB91800995624 /* Release */ = {
			isa = XCBuildConfiguration;
			buildSettings = {
				ASSETCATALOG_COMPILER_APPICON_NAME = AppIcon;
				CODE_SIGN_STYLE = Automatic;
				INFOPLIST_FILE = ZagakuDemo/Info.plist;
				LD_RUNPATH_SEARCH_PATHS = "$(inherited) @executable_path/Frameworks";
				PRODUCT_BUNDLE_IDENTIFIER = com.ericmeyer.ZagakuDemo;
				PRODUCT_NAME = "$(TARGET_NAME)";
				SWIFT_VERSION = 4.0;
				TARGETED_DEVICE_FAMILY = "1,2";
			};
			name = Release;
		};
		07A69AC5206BB91800995624 /* Debug */ = {
			isa = XCBuildConfiguration;
			buildSettings = {
				ALWAYS_EMBED_SWIFT_STANDARD_LIBRARIES = YES;
				BUNDLE_LOADER = "$(TEST_HOST)";
				CODE_SIGN_STYLE = Automatic;
				INFOPLIST_FILE = ZagakuDemoTests/Info.plist;
				LD_RUNPATH_SEARCH_PATHS = "$(inherited) @executable_path/Frameworks @loader_path/Frameworks";
				PRODUCT_BUNDLE_IDENTIFIER = com.ericmeyer.ZagakuDemoTests;
				PRODUCT_NAME = "$(TARGET_NAME)";
				SWIFT_VERSION = 4.0;
				TARGETED_DEVICE_FAMILY = "1,2";
				TEST_HOST = "$(BUILT_PRODUCTS_DIR)/ZagakuDemo.app/ZagakuDemo";
			};
			name = Debug;
		};
		07A69AC6206BB91800995624 /* Release */ = {
			isa = XCBuildConfiguration;
			buildSettings = {
				ALWAYS_EMBED_SWIFT_STANDARD_LIBRARIES = YES;
				BUNDLE_LOADER = "$(TEST_HOST)";
				CODE_SIGN_STYLE = Automatic;
				INFOPLIST_FILE = ZagakuDemoTests/Info.plist;
				LD_RUNPATH_SEARCH_PATHS = "$(inherited) @executable_path/Frameworks @loader_path/Frameworks";
				PRODUCT_BUNDLE_IDENTIFIER = com.ericmeyer.ZagakuDemoTests;
				PRODUCT_NAME = "$(TARGET_NAME)";
				SWIFT_VERSION = 4.0;
				TARGETED_DEVICE_FAMILY = "1,2";
				TEST_HOST = "$(BUILT_PRODUCTS_DIR)/ZagakuDemo.app/ZagakuDemo";
			};
			name = Release;
		};
/* End XCBuildConfiguration section */

/* Begin XCConfigurationList section */
		07A69A9F206BB91800995624 /* Build configuration list for PBXProject "ZagakuDemo" */ = {
			isa = XCConfigurationList;
			buildConfigurations = (
				07A69ABF206BB91800995624 /* Debug */,
				07A69AC0206BB91800995624 /* Release */,
			);
			defaultConfigurationIsVisible = 0;
			defaultConfigurationName = Release;
		};
		07A69AC1206BB91800995624 /* Build configuration list for PBXNativeTarget "ZagakuDemo" */ = {
			isa = XCConfigurationList;
			buildConfigurations = (
				07A69AC2206BB91800995624 /* Debug */,
				07A69AC3206BB91800995624 /* Release */,
			);
			defaultConfigurationIsVisible = 0;
			defaultConfigurationName = Release;
		};
		07A69AC4206BB91800995624 /* Build configuration list for PBXNativeTarget "ZagakuDemoTests" */ = {
			isa = XCConfigurationList;
			buildConfigurations = (
				07A69AC5206BB91800995624 /* Debug */,
				07A69AC6206BB91800995624 /* Release */,
			);
			defaultConfigurationIsVisible = 0;
			defaultConfigurationName = Release;
		};
/* End XCConfigurationList section */
	};
	rootObject = 07A69A9C206BB91800995624 /* Project object */;
}
